
Microsoft Visual Studio Solution File, Format Version 12.00
# Visual Studio Version 16
VisualStudioVersion = 16.0.30717.126
MinimumVisualStudioVersion = 10.0.40219.1
Project("{FAE04EC0-301F-11D3-BF4B-00C04F79EFBC}") = "systemRes", "systemRes.csproj", "{5F1FF100-8C2C-4ABC-BF7F-9D1EC75B8E1D}"
EndProject
Global
	GlobalSection(SolutionConfigurationPlatforms) = preSolution
		Debug|Any CPU = Debug|Any CPU
		Release|Any CPU = Release|Any CPU
	EndGlobalSection
	GlobalSection(ProjectConfigurationPlatforms) = postSolution
		{5F1FF100-8C2C-4ABC-BF7F-9D1EC75B8E1D}.Debug|Any CPU.ActiveCfg = Debug|Any CPU
		{5F1FF100-8C2C-4ABC-BF7F-9D1EC75B8E1D}.Debug|Any CPU.Build.0 = Debug|Any CPU
		{5F1FF100-8C2C-4ABC-BF7F-9D1EC75B8E1D}.Release|Any CPU.ActiveCfg = Release|Any CPU
		{5F1FF100-8C2C-4ABC-BF7F-9D1EC75B8E1D}.Release|Any CPU.Build.0 = Release|Any CPU
	EndGlobalSection
	GlobalSection(SolutionProperties) = preSolution
		HideSolutionNode = FALSE
	EndGlobalSection
	GlobalSection(ExtensibilityGlobals) = postSolution
		SolutionGuid = {8801A417-8701-4864-AC6A-1B94272C2472}
	EndGlobalSection
EndGlobal
